
Microsoft Visual Studio Solution File, Format Version 12.00
# Visual Studio Version 16
VisualStudioVersion = 16.0.29728.190
MinimumVisualStudioVersion = 10.0.40219.1
Project("{FAE04EC0-301F-11D3-BF4B-00C04F79EFBC}") = "dikdortgen.hesaplama", "dikdortgen.hesaplama\dikdortgen.hesaplama.csproj", "{265134F6-49F2-4680-97E2-26594FB81C25}"
EndProject
Global
	GlobalSection(SolutionConfigurationPlatforms) = preSolution
		Debug|Any CPU = Debug|Any CPU
		Release|Any CPU = Release|Any CPU
	EndGlobalSection
	GlobalSection(ProjectConfigurationPlatforms) = postSolution
		{265134F6-49F2-4680-97E2-26594FB81C25}.Debug|Any CPU.ActiveCfg = Debug|Any CPU
		{265134F6-49F2-4680-97E2-26594FB81C25}.Debug|Any CPU.Build.0 = Debug|Any CPU
		{265134F6-49F2-4680-97E2-26594FB81C25}.Release|Any CPU.ActiveCfg = Release|Any CPU
		{265134F6-49F2-4680-97E2-26594FB81C25}.Release|Any CPU.Build.0 = Release|Any CPU
	EndGlobalSection
	GlobalSection(SolutionProperties) = preSolution
		HideSolutionNode = FALSE
	EndGlobalSection
	GlobalSection(ExtensibilityGlobals) = postSolution
		SolutionGuid = {CDCB2389-D3E4-4458-A827-720872F0F4FB}
	EndGlobalSection
EndGlobal
